
Microsoft Visual Studio Solution File, Format Version 12.00
# Visual Studio Version 16
VisualStudioVersion = 16.0.31624.102
MinimumVisualStudioVersion = 10.0.40219.1
Project("{E24C65DC-7377-472B-9ABA-BC803B73C61A}") = "github_actions_teste", ".", "{B4F6E969-A89F-4393-A745-5A9EBB1BAE7B}"
	ProjectSection(WebsiteProperties) = preProject
		TargetFrameworkMoniker = ".NETFramework,Version%3Dv4.0"
		Debug.AspNetCompiler.VirtualPath = "/localhost_62250"
		Debug.AspNetCompiler.PhysicalPath = "..\github_actions_teste\"
		Debug.AspNetCompiler.TargetPath = "PrecompiledWeb\localhost_62250\"
		Debug.AspNetCompiler.Updateable = "true"
		Debug.AspNetCompiler.ForceOverwrite = "true"
		Debug.AspNetCompiler.FixedNames = "false"
		Debug.AspNetCompiler.Debug = "True"
		Release.AspNetCompiler.VirtualPath = "/localhost_62250"
		Release.AspNetCompiler.PhysicalPath = "..\github_actions_teste\"
		Release.AspNetCompiler.TargetPath = "PrecompiledWeb\localhost_62250\"
		Release.AspNetCompiler.Updateable = "true"
		Release.AspNetCompiler.ForceOverwrite = "true"
		Release.AspNetCompiler.FixedNames = "false"
		Release.AspNetCompiler.Debug = "False"
		VWDPort = "62250"
		SlnRelativePath = "..\github_actions_teste\"
	EndProjectSection
EndProject
Global
	GlobalSection(SolutionConfigurationPlatforms) = preSolution
		Debug|Any CPU = Debug|Any CPU
	EndGlobalSection
	GlobalSection(ProjectConfigurationPlatforms) = postSolution
		{B4F6E969-A89F-4393-A745-5A9EBB1BAE7B}.Debug|Any CPU.ActiveCfg = Debug|Any CPU
		{B4F6E969-A89F-4393-A745-5A9EBB1BAE7B}.Debug|Any CPU.Build.0 = Debug|Any CPU
	EndGlobalSection
	GlobalSection(SolutionProperties) = preSolution
		HideSolutionNode = FALSE
	EndGlobalSection
	GlobalSection(ExtensibilityGlobals) = postSolution
		SolutionGuid = {09A5F73F-3EF9-4A06-86BC-9A00F3ACDCB6}
	EndGlobalSection
EndGlobal
